PODS:
  - KissXML (5.0.3):
    - KissXML/Standard (= 5.0.3)
  - KissXML/Core (5.0.3)
  - KissXML/Standard (5.0.3):
    - KissXML/Core
  - LastFm (1.17.0):
    - KissXML (~> 5.0.3)
  - SwiftSoup (2.3.2)

DEPENDENCIES:
  - LastFm
  - SwiftSoup

SPEC REPOS:
  trunk:
    - KissXML
    - LastFm
    - SwiftSoup

SPEC CHECKSUMS:
  KissXML: d19dd6dc65e0dc721ba92b3077b8ebdd240f1c1e
  LastFm: a624fa250bbda5950fccbd068ea7950dcba2da1f
  SwiftSoup: f97bc4e988c7729d6457f9642f974c617a6e2510

PODFILE CHECKSUM: 86a427c17e8b2d4feed45334332436e5e8acd214

COCOAPODS: 1.10.1
